
Microsoft Visual Studio Solution File, Format Version 12.00
# Visual Studio Version 17
VisualStudioVersion = 17.8.34525.116
MinimumVisualStudioVersion = 10.0.40219.1
Project("{FAE04EC0-301F-11D3-BF4B-00C04F79EFBC}") = "MvcOOPHamburgerProject", "MvcOOPHamburgerProject\MvcOOPHamburgerProject.csproj", "{16E0F193-EFEB-41BE-BFA7-E87700FEA00A}"
EndProject
Global
	GlobalSection(SolutionConfigurationPlatforms) = preSolution
		Debug|Any CPU = Debug|Any CPU
		Release|Any CPU = Release|Any CPU
	EndGlobalSection
	GlobalSection(ProjectConfigurationPlatforms) = postSolution
		{16E0F193-EFEB-41BE-BFA7-E87700FEA00A}.Debug|Any CPU.ActiveCfg = Debug|Any CPU
		{16E0F193-EFEB-41BE-BFA7-E87700FEA00A}.Debug|Any CPU.Build.0 = Debug|Any CPU
		{16E0F193-EFEB-41BE-BFA7-E87700FEA00A}.Release|Any CPU.ActiveCfg = Release|Any CPU
		{16E0F193-EFEB-41BE-BFA7-E87700FEA00A}.Release|Any CPU.Build.0 = Release|Any CPU
	EndGlobalSection
	GlobalSection(SolutionProperties) = preSolution
		HideSolutionNode = FALSE
	EndGlobalSection
	GlobalSection(ExtensibilityGlobals) = postSolution
		SolutionGuid = {946E5421-E6B4-484B-843E-A78DEA5C71B8}
	EndGlobalSection
EndGlobal
